// !$*UTF8*$!
{
	archiveVersion = 1;
	classes = {
	};
	objectVersion = 50;
	objects = {

/* Begin PBXBuildFile section */
		2F5FAE9C6CC6BC52FC47574A /* Pods_BHBooks.framework in Frameworks */ = {isa = PBXBuildFile; fileRef = 95B086CB2D7E987FA9FA9690 /* Pods_BHBooks.framework */; };
		DF248D0A221505A80066B382 /* BHPageViewController.m in Sources */ = {isa = PBXBuildFile; fileRef = DF248D09221505A80066B382 /* BHPageViewController.m */; };
		DF248D0E221507820066B382 /* BHFileTool.m in Sources */ = {isa = PBXBuildFile; fileRef = DF248D0D221507820066B382 /* BHFileTool.m */; };
		DF83DDA82212A5F900AED664 /* AppDelegate.m in Sources */ = {isa = PBXBuildFile; fileRef = DF83DDA72212A5F900AED664 /* AppDelegate.m */; };
		DF83DDAE2212A5F900AED664 /* Main.storyboard in Resources */ = {isa = PBXBuildFile; fileRef = DF83DDAC2212A5F900AED664 /* Main.storyboard */; };
		DF83DDB12212A5F900AED664 /* BHBooks.xcdatamodeld in Sources */ = {isa = PBXBuildFile; fileRef = DF83DDAF2212A5F900AED664 /* BHBooks.xcdatamodeld */; };
		DF83DDB32212A60500AED664 /* Assets.xcassets in Resources */ = {isa = PBXBuildFile; fileRef = DF83DDB22212A60500AED664 /* Assets.xcassets */; };
		DF83DDB62212A60500AED664 /* LaunchScreen.storyboard in Resources */ = {isa = PBXBuildFile; fileRef = DF83DDB42212A60500AED664 /* LaunchScreen.storyboard */; };
		DF83DDB92212A60500AED664 /* main.m in Sources */ = {isa = PBXBuildFile; fileRef = DF83DDB82212A60500AED664 /* main.m */; };
		DF83DDC32212A60500AED664 /* BHBooksTests.m in Sources */ = {isa = PBXBuildFile; fileRef = DF83DDC22212A60500AED664 /* BHBooksTests.m */; };
		DF83DDCE2212A60500AED664 /* BHBooksUITests.m in Sources */ = {isa = PBXBuildFile; fileRef = DF83DDCD2212A60500AED664 /* BHBooksUITests.m */; };
		DF83DDE82212AB7C00AED664 /* BHBaseController.m in Sources */ = {isa = PBXBuildFile; fileRef = DF83DDE72212AB7C00AED664 /* BHBaseController.m */; };
		DF83DDEB2212ABBF00AED664 /* BHBookShelfController.m in Sources */ = {isa = PBXBuildFile; fileRef = DF83DDEA2212ABBF00AED664 /* BHBookShelfController.m */; };
		DF83DDEE2212AC4D00AED664 /* BHBaseModel.m in Sources */ = {isa = PBXBuildFile; fileRef = DF83DDED2212AC4D00AED664 /* BHBaseModel.m */; };
		DF83DDF12212AC7000AED664 /* BHBook.m in Sources */ = {isa = PBXBuildFile; fileRef = DF83DDF02212AC7000AED664 /* BHBook.m */; };
		DF83DDF52212AD1200AED664 /* 龙皇武神.txt in Resources */ = {isa = PBXBuildFile; fileRef = DF83DDF42212AD1200AED664 /* 龙皇武神.txt */; };
		DF83DDF82212AD5300AED664 /* BHBaseViewModel.m in Sources */ = {isa = PBXBuildFile; fileRef = DF83DDF72212AD5300AED664 /* BHBaseViewModel.m */; };
		DF83DDFB2212AD8000AED664 /* BHBookShelfViewModel.m in Sources */ = {isa = PBXBuildFile; fileRef = DF83DDFA2212AD8000AED664 /* BHBookShelfViewModel.m */; };
		DF83DDFE2212B4AD00AED664 /* BHBookCell.m in Sources */ = {isa = PBXBuildFile; fileRef = DF83DDFD2212B4AD00AED664 /* BHBookCell.m */; };
		DF83DE022212BFCC00AED664 /* BHBookManager.m in Sources */ = {isa = PBXBuildFile; fileRef = DF83DE012212BFCC00AED664 /* BHBookManager.m */; };
		DF83DE052212C32300AED664 /* BHBookShelfLayout.m in Sources */ = {isa = PBXBuildFile; fileRef = DF83DE042212C32300AED664 /* BHBookShelfLayout.m */; };
		DF83DE082212C36900AED664 /* BHBookShelfDecorationView.m in Sources */ = {isa = PBXBuildFile; fileRef = DF83DE072212C36900AED664 /* BHBookShelfDecorationView.m */; };
		DFFF7E332215197E0058D69A /* BHPageContentController.m in Sources */ = {isa = PBXBuildFile; fileRef = DFFF7E322215197E0058D69A /* BHPageContentController.m */; };
		DFFF7E35221565A90058D69A /* 龙王传说.txt in Resources */ = {isa = PBXBuildFile; fileRef = DFFF7E34221565A90058D69A /* 龙王传说.txt */; };
/* End PBXBuildFile section */

/* Begin PBXContainerItemProxy section */
		DF83DDBF2212A60500AED664 /* PBXContainerItemProxy */ = {
			isa = PBXContainerItemProxy;
			containerPortal = DF83DD9B2212A5F900AED664 /* Project object */;
			proxyType = 1;
			remoteGlobalIDString = DF83DDA22212A5F900AED664;
			remoteInfo = BHBooks;
		};
		DF83DDCA2212A60500AED664 /* PBXContainerItemProxy */ = {
			isa = PBXContainerItemProxy;
			containerPortal = DF83DD9B2212A5F900AED664 /* Project object */;
			proxyType = 1;
			remoteGlobalIDString = DF83DDA22212A5F900AED664;
			remoteInfo = BHBooks;
		};
/* End PBXContainerItemProxy section */

/* Begin PBXFileReference section */
		34BA86A7B38F191552AEA7E6 /* Pods-BHBooks.debug.xcconfig */ = {isa = PBXFileReference; includeInIndex = 1; lastKnownFileType = text.xcconfig; name = "Pods-BHBooks.debug.xcconfig"; path = "Pods/Target Support Files/Pods-BHBooks/Pods-BHBooks.debug.xcconfig"; sourceTree = "<group>"; };
		92F6EAADE8252EC42FF8251B /* Pods-BHBooks.release.xcconfig */ = {isa = PBXFileReference; includeInIndex = 1; lastKnownFileType = text.xcconfig; name = "Pods-BHBooks.release.xcconfig"; path = "Pods/Target Support Files/Pods-BHBooks/Pods-BHBooks.release.xcconfig"; sourceTree = "<group>"; };
		95B086CB2D7E987FA9FA9690 /* Pods_BHBooks.framework */ = {isa = PBXFileReference; explicitFileType = wrapper.framework; includeInIndex = 0; path = Pods_BHBooks.framework; sourceTree = BUILT_PRODUCTS_DIR; };
		DF248D08221505A80066B382 /* BHPageViewController.h */ = {isa = PBXFileReference; lastKnownFileType = sourcecode.c.h; path = BHPageViewController.h; sourceTree = "<group>"; };
		DF248D09221505A80066B382 /* BHPageViewController.m */ = {isa = PBXFileReference; lastKnownFileType = sourcecode.c.objc; path = BHPageViewController.m; sourceTree = "<group>"; };
		DF248D0C221507820066B382 /* BHFileTool.h */ = {isa = PBXFileReference; lastKnownFileType = sourcecode.c.h; path = BHFileTool.h; sourceTree = "<group>"; };
		DF248D0D221507820066B382 /* BHFileTool.m */ = {isa = PBXFileReference; lastKnownFileType = sourcecode.c.objc; path = BHFileTool.m; sourceTree = "<group>"; };
		DF83DDA32212A5F900AED664 /* BHBooks.app */ = {isa = PBXFileReference; explicitFileType = wrapper.application; includeInIndex = 0; path = BHBooks.app; sourceTree = BUILT_PRODUCTS_DIR; };
		DF83DDA62212A5F900AED664 /* AppDelegate.h */ = {isa = PBXFileReference; lastKnownFileType = sourcecode.c.h; path = AppDelegate.h; sourceTree = "<group>"; };
		DF83DDA72212A5F900AED664 /* AppDelegate.m */ = {isa = PBXFileReference; lastKnownFileType = sourcecode.c.objc; path = AppDelegate.m; sourceTree = "<group>"; };
		DF83DDAD2212A5F900AED664 /* Base */ = {isa = PBXFileReference; lastKnownFileType = file.storyboard; name = Base; path = Base.lproj/Main.storyboard; sourceTree = "<group>"; };
		DF83DDB02212A5F900AED664 /* BHBooks.xcdatamodel */ = {isa = PBXFileReference; lastKnownFileType = wrapper.xcdatamodel; path = BHBooks.xcdatamodel; sourceTree = "<group>"; };
		DF83DDB22212A60500AED664 /* Assets.xcassets */ = {isa = PBXFileReference; lastKnownFileType = folder.assetcatalog; path = Assets.xcassets; sourceTree = "<group>"; };
		DF83DDB52212A60500AED664 /* Base */ = {isa = PBXFileReference; lastKnownFileType = file.storyboard; name = Base; path = Base.lproj/LaunchScreen.storyboard; sourceTree = "<group>"; };
		DF83DDB72212A60500AED664 /* Info.plist */ = {isa = PBXFileReference; lastKnownFileType = text.plist.xml; path = Info.plist; sourceTree = "<group>"; };
		DF83DDB82212A60500AED664 /* main.m */ = {isa = PBXFileReference; lastKnownFileType = sourcecode.c.objc; path = main.m; sourceTree = "<group>"; };
		DF83DDBE2212A60500AED664 /* BHBooksTests.xctest */ = {isa = PBXFileReference; explicitFileType = wrapper.cfbundle; includeInIndex = 0; path = BHBooksTests.xctest; sourceTree = BUILT_PRODUCTS_DIR; };
		DF83DDC22212A60500AED664 /* BHBooksTests.m */ = {isa = PBXFileReference; lastKnownFileType = sourcecode.c.objc; path = BHBooksTests.m; sourceTree = "<group>"; };
		DF83DDC42212A60500AED664 /* Info.plist */ = {isa = PBXFileReference; lastKnownFileType = text.plist.xml; path = Info.plist; sourceTree = "<group>"; };
		DF83DDC92212A60500AED664 /* BHBooksUITests.xctest */ = {isa = PBXFileReference; explicitFileType = wrapper.cfbundle; includeInIndex = 0; path = BHBooksUITests.xctest; sourceTree = BUILT_PRODUCTS_DIR; };
		DF83DDCD2212A60500AED664 /* BHBooksUITests.m */ = {isa = PBXFileReference; lastKnownFileType = sourcecode.c.objc; path = BHBooksUITests.m; sourceTree = "<group>"; };
		DF83DDCF2212A60500AED664 /* Info.plist */ = {isa = PBXFileReference; lastKnownFileType = text.plist.xml; path = Info.plist; sourceTree = "<group>"; };
		DF83DDE62212AB7C00AED664 /* BHBaseController.h */ = {isa = PBXFileReference; lastKnownFileType = sourcecode.c.h; path = BHBaseController.h; sourceTree = "<group>"; };
		DF83DDE72212AB7C00AED664 /* BHBaseController.m */ = {isa = PBXFileReference; lastKnownFileType = sourcecode.c.objc; path = BHBaseController.m; sourceTree = "<group>"; };
		DF83DDE92212ABBF00AED664 /* BHBookShelfController.h */ = {isa = PBXFileReference; lastKnownFileType = sourcecode.c.h; path = BHBookShelfController.h; sourceTree = "<group>"; };
		DF83DDEA2212ABBF00AED664 /* BHBookShelfController.m */ = {isa = PBXFileReference; lastKnownFileType = sourcecode.c.objc; path = BHBookShelfController.m; sourceTree = "<group>"; };
		DF83DDEC2212AC4D00AED664 /* BHBaseModel.h */ = {isa = PBXFileReference; lastKnownFileType = sourcecode.c.h; path = BHBaseModel.h; sourceTree = "<group>"; };
		DF83DDED2212AC4D00AED664 /* BHBaseModel.m */ = {isa = PBXFileReference; lastKnownFileType = sourcecode.c.objc; path = BHBaseModel.m; sourceTree = "<group>"; };
		DF83DDEF2212AC7000AED664 /* BHBook.h */ = {isa = PBXFileReference; lastKnownFileType = sourcecode.c.h; path = BHBook.h; sourceTree = "<group>"; };
		DF83DDF02212AC7000AED664 /* BHBook.m */ = {isa = PBXFileReference; lastKnownFileType = sourcecode.c.objc; path = BHBook.m; sourceTree = "<group>"; };
		DF83DDF42212AD1200AED664 /* 龙皇武神.txt */ = {isa = PBXFileReference; fileEncoding = 4; lastKnownFileType = text; path = "龙皇武神.txt"; sourceTree = "<group>"; };
		DF83DDF62212AD5300AED664 /* BHBaseViewModel.h */ = {isa = PBXFileReference; lastKnownFileType = sourcecode.c.h; path = BHBaseViewModel.h; sourceTree = "<group>"; };
		DF83DDF72212AD5300AED664 /* BHBaseViewModel.m */ = {isa = PBXFileReference; lastKnownFileType = sourcecode.c.objc; path = BHBaseViewModel.m; sourceTree = "<group>"; };
		DF83DDF92212AD8000AED664 /* BHBookShelfViewModel.h */ = {isa = PBXFileReference; lastKnownFileType = sourcecode.c.h; path = BHBookShelfViewModel.h; sourceTree = "<group>"; };
		DF83DDFA2212AD8000AED664 /* BHBookShelfViewModel.m */ = {isa = PBXFileReference; lastKnownFileType = sourcecode.c.objc; path = BHBookShelfViewModel.m; sourceTree = "<group>"; };
		DF83DDFC2212B4AD00AED664 /* BHBookCell.h */ = {isa = PBXFileReference; lastKnownFileType = sourcecode.c.h; path = BHBookCell.h; sourceTree = "<group>"; };
		DF83DDFD2212B4AD00AED664 /* BHBookCell.m */ = {isa = PBXFileReference; lastKnownFileType = sourcecode.c.objc; path = BHBookCell.m; sourceTree = "<group>"; };
		DF83DE002212BFCC00AED664 /* BHBookManager.h */ = {isa = PBXFileReference; lastKnownFileType = sourcecode.c.h; path = BHBookManager.h; sourceTree = "<group>"; };
		DF83DE012212BFCC00AED664 /* BHBookManager.m */ = {isa = PBXFileReference; lastKnownFileType = sourcecode.c.objc; path = BHBookManager.m; sourceTree = "<group>"; };
		DF83DE032212C32300AED664 /* BHBookShelfLayout.h */ = {isa = PBXFileReference; lastKnownFileType = sourcecode.c.h; path = BHBookShelfLayout.h; sourceTree = "<group>"; };
		DF83DE042212C32300AED664 /* BHBookShelfLayout.m */ = {isa = PBXFileReference; lastKnownFileType = sourcecode.c.objc; path = BHBookShelfLayout.m; sourceTree = "<group>"; };
		DF83DE062212C36900AED664 /* BHBookShelfDecorationView.h */ = {isa = PBXFileReference; lastKnownFileType = sourcecode.c.h; path = BHBookShelfDecorationView.h; sourceTree = "<group>"; };
		DF83DE072212C36900AED664 /* BHBookShelfDecorationView.m */ = {isa = PBXFileReference; lastKnownFileType = sourcecode.c.objc; path = BHBookShelfDecorationView.m; sourceTree = "<group>"; };
		DFFF7E312215197E0058D69A /* BHPageContentController.h */ = {isa = PBXFileReference; lastKnownFileType = sourcecode.c.h; path = BHPageContentController.h; sourceTree = "<group>"; };
		DFFF7E322215197E0058D69A /* BHPageContentController.m */ = {isa = PBXFileReference; lastKnownFileType = sourcecode.c.objc; path = BHPageContentController.m; sourceTree = "<group>"; };
		DFFF7E34221565A90058D69A /* 龙王传说.txt */ = {isa = PBXFileReference; fileEncoding = 4; lastKnownFileType = text; path = "龙王传说.txt"; sourceTree = "<group>"; };
/* End PBXFileReference section */

/* Begin PBXFrameworksBuildPhase section */
		DF83DDA02212A5F900AED664 /* Frameworks */ = {
			isa = PBXFrameworksBuildPhase;
			buildActionMask = 2147483647;
			files = (
				2F5FAE9C6CC6BC52FC47574A /* Pods_BHBooks.framework in Frameworks */,
			);
			runOnlyForDeploymentPostprocessing = 0;
		};
		DF83DDBB2212A60500AED664 /* Frameworks */ = {
			isa = PBXFrameworksBuildPhase;
			buildActionMask = 2147483647;
			files = (
			);
			runOnlyForDeploymentPostprocessing = 0;
		};
		DF83DDC62212A60500AED664 /* Frameworks */ = {
			isa = PBXFrameworksBuildPhase;
			buildActionMask = 2147483647;
			files = (
			);
			runOnlyForDeploymentPostprocessing = 0;
		};
/* End PBXFrameworksBuildPhase section */

/* Begin PBXGroup section */
		794CDA9FA0D622943CDD3996 /* Pods */ = {
			isa = PBXGroup;
			children = (
				34BA86A7B38F191552AEA7E6 /* Pods-BHBooks.debug.xcconfig */,
				92F6EAADE8252EC42FF8251B /* Pods-BHBooks.release.xcconfig */,
			);
			name = Pods;
			sourceTree = "<group>";
		};
		B02A7DA2EB24F4F1FDF34B20 /* Frameworks */ = {
			isa = PBXGroup;
			children = (
				95B086CB2D7E987FA9FA9690 /* Pods_BHBooks.framework */,
			);
			name = Frameworks;
			sourceTree = "<group>";
		};
		DF248D032215052F0066B382 /* BookPage */ = {
			isa = PBXGroup;
			children = (
				DF248D07221505610066B382 /* view */,
				DF248D062215055B0066B382 /* viewModel */,
				DF248D05221505550066B382 /* model */,
				DF248D042215054D0066B382 /* controller */,
			);
			path = BookPage;
			sourceTree = "<group>";
		};
		DF248D042215054D0066B382 /* controller */ = {
			isa = PBXGroup;
			children = (
				DF248D08221505A80066B382 /* BHPageViewController.h */,
				DF248D09221505A80066B382 /* BHPageViewController.m */,
				DFFF7E312215197E0058D69A /* BHPageContentController.h */,
				DFFF7E322215197E0058D69A /* BHPageContentController.m */,
			);
			path = controller;
			sourceTree = "<group>";
		};
		DF248D05221505550066B382 /* model */ = {
			isa = PBXGroup;
			children = (
			);
			path = model;
			sourceTree = "<group>";
		};
		DF248D062215055B0066B382 /* viewModel */ = {
			isa = PBXGroup;
			children = (
			);
			path = viewModel;
			sourceTree = "<group>";
		};
		DF248D07221505610066B382 /* view */ = {
			isa = PBXGroup;
			children = (
			);
			path = view;
			sourceTree = "<group>";
		};
		DF248D0B221505C00066B382 /* Tool */ = {
			isa = PBXGroup;
			children = (
				DF248D0C221507820066B382 /* BHFileTool.h */,
				DF248D0D221507820066B382 /* BHFileTool.m */,
			);
			path = Tool;
			sourceTree = "<group>";
		};
		DF83DD9A2212A5F900AED664 = {
			isa = PBXGroup;
			children = (
				DF83DDA52212A5F900AED664 /* BHBooks */,
				DF83DDC12212A60500AED664 /* BHBooksTests */,
				DF83DDCC2212A60500AED664 /* BHBooksUITests */,
				DF83DDA42212A5F900AED664 /* Products */,
				794CDA9FA0D622943CDD3996 /* Pods */,
				B02A7DA2EB24F4F1FDF34B20 /* Frameworks */,
			);
			sourceTree = "<group>";
		};
		DF83DDA42212A5F900AED664 /* Products */ = {
			isa = PBXGroup;
			children = (
				DF83DDA32212A5F900AED664 /* BHBooks.app */,
				DF83DDBE2212A60500AED664 /* BHBooksTests.xctest */,
				DF83DDC92212A60500AED664 /* BHBooksUITests.xctest */,
			);
			name = Products;
			sourceTree = "<group>";
		};
		DF83DDA52212A5F900AED664 /* BHBooks */ = {
			isa = PBXGroup;
			children = (
				DF83DDDC2212A97700AED664 /* AppDelegate */,
				DF83DDDB2212A95100AED664 /* Functions */,
				DF83DDFF2212BF9B00AED664 /* Manager */,
				DF248D0B221505C00066B382 /* Tool */,
				DF83DDE32212AB2B00AED664 /* Base */,
				DF83DDDE2212A9D200AED664 /* Resource */,
				DF83DDDD2212A98B00AED664 /* Support */,
			);
			path = BHBooks;
			sourceTree = "<group>";
		};
		DF83DDC12212A60500AED664 /* BHBooksTests */ = {
			isa = PBXGroup;
			children = (
				DF83DDC22212A60500AED664 /* BHBooksTests.m */,
				DF83DDC42212A60500AED664 /* Info.plist */,
			);
			path = BHBooksTests;
			sourceTree = "<group>";
		};
		DF83DDCC2212A60500AED664 /* BHBooksUITests */ = {
			isa = PBXGroup;
			children = (
				DF83DDCD2212A60500AED664 /* BHBooksUITests.m */,
				DF83DDCF2212A60500AED664 /* Info.plist */,
			);
			path = BHBooksUITests;
			sourceTree = "<group>";
		};
		DF83DDDB2212A95100AED664 /* Functions */ = {
			isa = PBXGroup;
			children = (
				DF83DDDF2212AAF100AED664 /* Bookshelf */,
				DF248D032215052F0066B382 /* BookPage */,
			);
			path = Functions;
			sourceTree = "<group>";
		};
		DF83DDDC2212A97700AED664 /* AppDelegate */ = {
			isa = PBXGroup;
			children = (
				DF83DDA62212A5F900AED664 /* AppDelegate.h */,
				DF83DDA72212A5F900AED664 /* AppDelegate.m */,
			);
			path = AppDelegate;
			sourceTree = "<group>";
		};
		DF83DDDD2212A98B00AED664 /* Support */ = {
			isa = PBXGroup;
			children = (
				DF83DDB72212A60500AED664 /* Info.plist */,
				DF83DDB82212A60500AED664 /* main.m */,
			);
			path = Support;
			sourceTree = "<group>";
		};
		DF83DDDE2212A9D200AED664 /* Resource */ = {
			isa = PBXGroup;
			children = (
				DF83DDF32212AD0100AED664 /* Books */,
				DF83DDAC2212A5F900AED664 /* Main.storyboard */,
				DF83DDB22212A60500AED664 /* Assets.xcassets */,
				DF83DDB42212A60500AED664 /* LaunchScreen.storyboard */,
				DF83DDAF2212A5F900AED664 /* BHBooks.xcdatamodeld */,
			);
			path = Resource;
			sourceTree = "<group>";
		};
		DF83DDDF2212AAF100AED664 /* Bookshelf */ = {
			isa = PBXGroup;
			children = (
				DF83DDE22212AB1A00AED664 /* model */,
				DF83DDE12212AB1400AED664 /* view */,
				DF83DDF22212AC7D00AED664 /* viewModel */,
				DF83DDE02212AB0C00AED664 /* controller */,
			);
			path = Bookshelf;
			sourceTree = "<group>";
		};
		DF83DDE02212AB0C00AED664 /* controller */ = {
			isa = PBXGroup;
			children = (
				DF83DDE92212ABBF00AED664 /* BHBookShelfController.h */,
				DF83DDEA2212ABBF00AED664 /* BHBookShelfController.m */,
			);
			path = controller;
			sourceTree = "<group>";
		};
		DF83DDE12212AB1400AED664 /* view */ = {
			isa = PBXGroup;
			children = (
				DF83DDFC2212B4AD00AED664 /* BHBookCell.h */,
				DF83DDFD2212B4AD00AED664 /* BHBookCell.m */,
				DF83DE032212C32300AED664 /* BHBookShelfLayout.h */,
				DF83DE042212C32300AED664 /* BHBookShelfLayout.m */,
				DF83DE062212C36900AED664 /* BHBookShelfDecorationView.h */,
				DF83DE072212C36900AED664 /* BHBookShelfDecorationView.m */,
			);
			path = view;
			sourceTree = "<group>";
		};
		DF83DDE22212AB1A00AED664 /* model */ = {
			isa = PBXGroup;
			children = (
				DF83DDEF2212AC7000AED664 /* BHBook.h */,
				DF83DDF02212AC7000AED664 /* BHBook.m */,
			);
			path = model;
			sourceTree = "<group>";
		};
		DF83DDE32212AB2B00AED664 /* Base */ = {
			isa = PBXGroup;
			children = (
				DF83DDE52212AB4600AED664 /* BaseModel */,
				DF83DDE42212AB3C00AED664 /* BaseUI */,
			);
			path = Base;
			sourceTree = "<group>";
		};
		DF83DDE42212AB3C00AED664 /* BaseUI */ = {
			isa = PBXGroup;
			children = (
				DF83DDE62212AB7C00AED664 /* BHBaseController.h */,
				DF83DDE72212AB7C00AED664 /* BHBaseController.m */,
			);
			path = BaseUI;
			sourceTree = "<group>";
		};
		DF83DDE52212AB4600AED664 /* BaseModel */ = {
			isa = PBXGroup;
			children = (
				DF83DDEC2212AC4D00AED664 /* BHBaseModel.h */,
				DF83DDED2212AC4D00AED664 /* BHBaseModel.m */,
				DF83DDF62212AD5300AED664 /* BHBaseViewModel.h */,
				DF83DDF72212AD5300AED664 /* BHBaseViewModel.m */,
			);
			path = BaseModel;
			sourceTree = "<group>";
		};
		DF83DDF22212AC7D00AED664 /* viewModel */ = {
			isa = PBXGroup;
			children = (
				DF83DDF92212AD8000AED664 /* BHBookShelfViewModel.h */,
				DF83DDFA2212AD8000AED664 /* BHBookShelfViewModel.m */,
			);
			path = viewModel;
			sourceTree = "<group>";
		};
		DF83DDF32212AD0100AED664 /* Books */ = {
			isa = PBXGroup;
			children = (
				DFFF7E34221565A90058D69A /* 龙王传说.txt */,
				DF83DDF42212AD1200AED664 /* 龙皇武神.txt */,
			);
			path = Books;
			sourceTree = "<group>";
		};
		DF83DDFF2212BF9B00AED664 /* Manager */ = {
			isa = PBXGroup;
			children = (
				DF83DE002212BFCC00AED664 /* BHBookManager.h */,
				DF83DE012212BFCC00AED664 /* BHBookManager.m */,
			);
			path = Manager;
			sourceTree = "<group>";
		};
/* End PBXGroup section */

/* Begin PBXNativeTarget section */
		DF83DDA22212A5F900AED664 /* BHBooks */ = {
			isa = PBXNativeTarget;
			buildConfigurationList = DF83DDD22212A60500AED664 /* Build configuration list for PBXNativeTarget "BHBooks" */;
			buildPhases = (
				F3AB1F7CCFDD086789B0E9D8 /* [CP] Check Pods Manifest.lock */,
				DF83DD9F2212A5F900AED664 /* Sources */,
				DF83DDA02212A5F900AED664 /* Frameworks */,
				DF83DDA12212A5F900AED664 /* Resources */,
				9B4D892D81F2B456E724603B /* [CP] Embed Pods Frameworks */,
			);
			buildRules = (
			);
			dependencies = (
			);
			name = BHBooks;
			productName = BHBooks;
			productReference = DF83DDA32212A5F900AED664 /* BHBooks.app */;
			productType = "com.apple.product-type.application";
		};
		DF83DDBD2212A60500AED664 /* BHBooksTests */ = {
			isa = PBXNativeTarget;
			buildConfigurationList = DF83DDD52212A60500AED664 /* Build configuration list for PBXNativeTarget "BHBooksTests" */;
			buildPhases = (
				DF83DDBA2212A60500AED664 /* Sources */,
				DF83DDBB2212A60500AED664 /* Frameworks */,
				DF83DDBC2212A60500AED664 /* Resources */,
			);
			buildRules = (
			);
			dependencies = (
				DF83DDC02212A60500AED664 /* PBXTargetDependency */,
			);
			name = BHBooksTests;
			productName = BHBooksTests;
			productReference = DF83DDBE2212A60500AED664 /* BHBooksTests.xctest */;
			productType = "com.apple.product-type.bundle.unit-test";
		};
		DF83DDC82212A60500AED664 /* BHBooksUITests */ = {
			isa = PBXNativeTarget;
			buildConfigurationList = DF83DDD82212A60500AED664 /* Build configuration list for PBXNativeTarget "BHBooksUITests" */;
			buildPhases = (
				DF83DDC52212A60500AED664 /* Sources */,
				DF83DDC62212A60500AED664 /* Frameworks */,
				DF83DDC72212A60500AED664 /* Resources */,
			);
			buildRules = (
			);
			dependencies = (
				DF83DDCB2212A60500AED664 /* PBXTargetDependency */,
			);
			name = BHBooksUITests;
			productName = BHBooksUITests;
			productReference = DF83DDC92212A60500AED664 /* BHBooksUITests.xctest */;
			productType = "com.apple.product-type.bundle.ui-testing";
		};
/* End PBXNativeTarget section */

/* Begin PBXProject section */
		DF83DD9B2212A5F900AED664 /* Project object */ = {
			isa = PBXProject;
			attributes = {
				LastUpgradeCheck = 1010;
				ORGANIZATIONNAME = paidian;
				TargetAttributes = {
					DF83DDA22212A5F900AED664 = {
						CreatedOnToolsVersion = 10.1;
					};
					DF83DDBD2212A60500AED664 = {
						CreatedOnToolsVersion = 10.1;
						TestTargetID = DF83DDA22212A5F900AED664;
					};
					DF83DDC82212A60500AED664 = {
						CreatedOnToolsVersion = 10.1;
						TestTargetID = DF83DDA22212A5F900AED664;
					};
				};
			};
			buildConfigurationList = DF83DD9E2212A5F900AED664 /* Build configuration list for PBXProject "BHBooks" */;
			compatibilityVersion = "Xcode 9.3";
			developmentRegion = en;
			hasScannedForEncodings = 0;
			knownRegions = (
				en,
				Base,
			);
			mainGroup = DF83DD9A2212A5F900AED664;
			productRefGroup = DF83DDA42212A5F900AED664 /* Products */;
			projectDirPath = "";
			projectRoot = "";
			targets = (
				DF83DDA22212A5F900AED664 /* BHBooks */,
				DF83DDBD2212A60500AED664 /* BHBooksTests */,
				DF83DDC82212A60500AED664 /* BHBooksUITests */,
			);
		};
/* End PBXProject section */

/* Begin PBXResourcesBuildPhase section */
		DF83DDA12212A5F900AED664 /* Resources */ = {
			isa = PBXResourcesBuildPhase;
			buildActionMask = 2147483647;
			files = (
				DF83DDB62212A60500AED664 /* LaunchScreen.storyboard in Resources */,
				DF83DDB32212A60500AED664 /* Assets.xcassets in Resources */,
				DFFF7E35221565A90058D69A /* 龙王传说.txt in Resources */,
				DF83DDF52212AD1200AED664 /* 龙皇武神.txt in Resources */,
				DF83DDAE2212A5F900AED664 /* Main.storyboard in Resources */,
			);
			runOnlyForDeploymentPostprocessing = 0;
		};
		DF83DDBC2212A60500AED664 /* Resources */ = {
			isa = PBXResourcesBuildPhase;
			buildActionMask = 2147483647;
			files = (
			);
			runOnlyForDeploymentPostprocessing = 0;
		};
		DF83DDC72212A60500AED664 /* Resources */ = {
			isa = PBXResourcesBuildPhase;
			buildActionMask = 2147483647;
			files = (
			);
			runOnlyForDeploymentPostprocessing = 0;
		};
/* End PBXResourcesBuildPhase section */

/* Begin PBXShellScriptBuildPhase section */
		9B4D892D81F2B456E724603B /* [CP] Embed Pods Frameworks */ = {
			isa = PBXShellScriptBuildPhase;
			buildActionMask = 2147483647;
			files = (
			);
			inputFileListPaths = (
			);
			inputPaths = (
				"${SRCROOT}/Pods/Target Support Files/Pods-BHBooks/Pods-BHBooks-frameworks.sh",
				"${BUILT_PRODUCTS_DIR}/AFNetworking/AFNetworking.framework",
				"${BUILT_PRODUCTS_DIR}/Masonry/Masonry.framework",
				"${BUILT_PRODUCTS_DIR}/SDWebImage/SDWebImage.framework",
				"${BUILT_PRODUCTS_DIR}/YYModel/YYModel.framework",
			);
			name = "[CP] Embed Pods Frameworks";
			outputFileListPaths = (
			);
			outputPaths = (
				"${TARGET_BUILD_DIR}/${FRAMEWORKS_FOLDER_PATH}/AFNetworking.framework",
				"${TARGET_BUILD_DIR}/${FRAMEWORKS_FOLDER_PATH}/Masonry.framework",
				"${TARGET_BUILD_DIR}/${FRAMEWORKS_FOLDER_PATH}/SDWebImage.framework",
				"${TARGET_BUILD_DIR}/${FRAMEWORKS_FOLDER_PATH}/YYModel.framework",
			);
			runOnlyForDeploymentPostprocessing = 0;
			shellPath = /bin/sh;
			shellScript = "\"${SRCROOT}/Pods/Target Support Files/Pods-BHBooks/Pods-BHBooks-frameworks.sh\"\n";
			showEnvVarsInLog = 0;
		};
		F3AB1F7CCFDD086789B0E9D8 /* [CP] Check Pods Manifest.lock */ = {
			isa = PBXShellScriptBuildPhase;
			buildActionMask = 2147483647;
			files = (
			);
			inputFileListPaths = (
			);
			inputPaths = (
				"${PODS_PODFILE_DIR_PATH}/Podfile.lock",
				"${PODS_ROOT}/Manifest.lock",
			);
			name = "[CP] Check Pods Manifest.lock";
			outputFileListPaths = (
			);
			outputPaths = (
				"$(DERIVED_FILE_DIR)/Pods-BHBooks-checkManifestLockResult.txt",
			);
			runOnlyForDeploymentPostprocessing = 0;
			shellPath = /bin/sh;
			shellScript = "diff \"${PODS_PODFILE_DIR_PATH}/Podfile.lock\" \"${PODS_ROOT}/Manifest.lock\" > /dev/null\nif [ $? != 0 ] ; then\n    # print error to STDERR\n    echo \"error: The sandbox is not in sync with the Podfile.lock. Run 'pod install' or update your CocoaPods installation.\" >&2\n    exit 1\nfi\n# This output is used by Xcode 'outputs' to avoid re-running this script phase.\necho \"SUCCESS\" > \"${SCRIPT_OUTPUT_FILE_0}\"\n";
			showEnvVarsInLog = 0;
		};
/* End PBXShellScriptBuildPhase section */

/* Begin PBXSourcesBuildPhase section */
		DF83DD9F2212A5F900AED664 /* Sources */ = {
			isa = PBXSourcesBuildPhase;
			buildActionMask = 2147483647;
			files = (
				DF83DDF12212AC7000AED664 /* BHBook.m in Sources */,
				DF83DDEE2212AC4D00AED664 /* BHBaseModel.m in Sources */,
				DF248D0E221507820066B382 /* BHFileTool.m in Sources */,
				DF83DDEB2212ABBF00AED664 /* BHBookShelfController.m in Sources */,
				DF83DE052212C32300AED664 /* BHBookShelfLayout.m in Sources */,
				DF83DE022212BFCC00AED664 /* BHBookManager.m in Sources */,
				DF83DDB12212A5F900AED664 /* BHBooks.xcdatamodeld in Sources */,
				DF83DDB92212A60500AED664 /* main.m in Sources */,
				DF83DE082212C36900AED664 /* BHBookShelfDecorationView.m in Sources */,
				DF83DDF82212AD5300AED664 /* BHBaseViewModel.m in Sources */,
				DFFF7E332215197E0058D69A /* BHPageContentController.m in Sources */,
				DF83DDFB2212AD8000AED664 /* BHBookShelfViewModel.m in Sources */,
				DF83DDE82212AB7C00AED664 /* BHBaseController.m in Sources */,
				DF83DDFE2212B4AD00AED664 /* BHBookCell.m in Sources */,
				DF83DDA82212A5F900AED664 /* AppDelegate.m in Sources */,
				DF248D0A221505A80066B382 /* BHPageViewController.m in Sources */,
			);
			runOnlyForDeploymentPostprocessing = 0;
		};
		DF83DDBA2212A60500AED664 /* Sources */ = {
			isa = PBXSourcesBuildPhase;
			buildActionMask = 2147483647;
			files = (
				DF83DDC32212A60500AED664 /* BHBooksTests.m in Sources */,
			);
			runOnlyForDeploymentPostprocessing = 0;
		};
		DF83DDC52212A60500AED664 /* Sources */ = {
			isa = PBXSourcesBuildPhase;
			buildActionMask = 2147483647;
			files = (
				DF83DDCE2212A60500AED664 /* BHBooksUITests.m in Sources */,
			);
			runOnlyForDeploymentPostprocessing = 0;
		};
/* End PBXSourcesBuildPhase section */

/* Begin PBXTargetDependency section */
		DF83DDC02212A60500AED664 /* PBXTargetDependency */ = {
			isa = PBXTargetDependency;
			target = DF83DDA22212A5F900AED664 /* BHBooks */;
			targetProxy = DF83DDBF2212A60500AED664 /* PBXContainerItemProxy */;
		};
		DF83DDCB2212A60500AED664 /* PBXTargetDependency */ = {
			isa = PBXTargetDependency;
			target = DF83DDA22212A5F900AED664 /* BHBooks */;
			targetProxy = DF83DDCA2212A60500AED664 /* PBXContainerItemProxy */;
		};
/* End PBXTargetDependency section */

/* Begin PBXVariantGroup section */
		DF83DDAC2212A5F900AED664 /* Main.storyboard */ = {
			isa = PBXVariantGroup;
			children = (
				DF83DDAD2212A5F900AED664 /* Base */,
			);
			name = Main.storyboard;
			sourceTree = "<group>";
		};
		DF83DDB42212A60500AED664 /* LaunchScreen.storyboard */ = {
			isa = PBXVariantGroup;
			children = (
				DF83DDB52212A60500AED664 /* Base */,
			);
			name = LaunchScreen.storyboard;
			sourceTree = "<group>";
		};
/* End PBXVariantGroup section */

/* Begin XCBuildConfiguration section */
		DF83DDD02212A60500AED664 /* Debug */ = {
			isa = XCBuildConfiguration;
			buildSettings = {
				ALWAYS_SEARCH_USER_PATHS = NO;
				CLANG_ANALYZER_NONNULL = YES;
				CLANG_ANALYZER_NUMBER_OBJECT_CONVERSION = YES_AGGRESSIVE;
				CLANG_CXX_LANGUAGE_STANDARD = "gnu++14";
				CLANG_CXX_LIBRARY = "libc++";
				CLANG_ENABLE_MODULES = YES;
				CLANG_ENABLE_OBJC_ARC = YES;
				CLANG_ENABLE_OBJC_WEAK = YES;
				CLANG_WARN_BLOCK_CAPTURE_AUTORELEASING = YES;
				CLANG_WARN_BOOL_CONVERSION = YES;
				CLANG_WARN_COMMA = YES;
				CLANG_WARN_CONSTANT_CONVERSION = YES;
				CLANG_WARN_DEPRECATED_OBJC_IMPLEMENTATIONS = YES;
				CLANG_WARN_DIRECT_OBJC_ISA_USAGE = YES_ERROR;
				CLANG_WARN_DOCUMENTATION_COMMENTS = YES;
				CLANG_WARN_EMPTY_BODY = YES;
				CLANG_WARN_ENUM_CONVERSION = YES;
				CLANG_WARN_INFINITE_RECURSION = YES;
				CLANG_WARN_INT_CONVERSION = YES;
				CLANG_WARN_NON_LITERAL_NULL_CONVERSION = YES;
				CLANG_WARN_OBJC_IMPLICIT_RETAIN_SELF = YES;
				CLANG_WARN_OBJC_LITERAL_CONVERSION = YES;
				CLANG_WARN_OBJC_ROOT_CLASS = YES_ERROR;
				CLANG_WARN_RANGE_LOOP_ANALYSIS = YES;
				CLANG_WARN_STRICT_PROTOTYPES = YES;
				CLANG_WARN_SUSPICIOUS_MOVE = YES;
				CLANG_WARN_UNGUARDED_AVAILABILITY = YES_AGGRESSIVE;
				CLANG_WARN_UNREACHABLE_CODE = YES;
				CLANG_WARN__DUPLICATE_METHOD_MATCH = YES;
				CODE_SIGN_IDENTITY = "iPhone Developer";
				COPY_PHASE_STRIP = NO;
				DEBUG_INFORMATION_FORMAT = dwarf;
				ENABLE_STRICT_OBJC_MSGSEND = YES;
				ENABLE_TESTABILITY = YES;
				GCC_C_LANGUAGE_STANDARD = gnu11;
				GCC_DYNAMIC_NO_PIC = NO;
				GCC_NO_COMMON_BLOCKS = YES;
				GCC_OPTIMIZATION_LEVEL = 0;
				GCC_PREPROCESSOR_DEFINITIONS = (
					"DEBUG=1",
					"$(inherited)",
				);
				GCC_WARN_64_TO_32_BIT_CONVERSION = YES;
				GCC_WARN_ABOUT_RETURN_TYPE = YES_ERROR;
				GCC_WARN_UNDECLARED_SELECTOR = YES;
				GCC_WARN_UNINITIALIZED_AUTOS = YES_AGGRESSIVE;
				GCC_WARN_UNUSED_FUNCTION = YES;
				GCC_WARN_UNUSED_VARIABLE = YES;
				IPHONEOS_DEPLOYMENT_TARGET = 12.1;
				MTL_ENABLE_DEBUG_INFO = INCLUDE_SOURCE;
				MTL_FAST_MATH = YES;
				ONLY_ACTIVE_ARCH = YES;
				SDKROOT = iphoneos;
			};
			name = Debug;
		};
		DF83DDD12212A60500AED664 /* Release */ = {
			isa = XCBuildConfiguration;
			buildSettings = {
				ALWAYS_SEARCH_USER_PATHS = NO;
				CLANG_ANALYZER_NONNULL = YES;
				CLANG_ANALYZER_NUMBER_OBJECT_CONVERSION = YES_AGGRESSIVE;
				CLANG_CXX_LANGUAGE_STANDARD = "gnu++14";
				CLANG_CXX_LIBRARY = "libc++";
				CLANG_ENABLE_MODULES = YES;
				CLANG_ENABLE_OBJC_ARC = YES;
				CLANG_ENABLE_OBJC_WEAK = YES;
				CLANG_WARN_BLOCK_CAPTURE_AUTORELEASING = YES;
				CLANG_WARN_BOOL_CONVERSION = YES;
				CLANG_WARN_COMMA = YES;
				CLANG_WARN_CONSTANT_CONVERSION = YES;
				CLANG_WARN_DEPRECATED_OBJC_IMPLEMENTATIONS = YES;
				CLANG_WARN_DIRECT_OBJC_ISA_USAGE = YES_ERROR;
				CLANG_WARN_DOCUMENTATION_COMMENTS = YES;
				CLANG_WARN_EMPTY_BODY = YES;
				CLANG_WARN_ENUM_CONVERSION = YES;
				CLANG_WARN_INFINITE_RECURSION = YES;
				CLANG_WARN_INT_CONVERSION = YES;
				CLANG_WARN_NON_LITERAL_NULL_CONVERSION = YES;
				CLANG_WARN_OBJC_IMPLICIT_RETAIN_SELF = YES;
				CLANG_WARN_OBJC_LITERAL_CONVERSION = YES;
				CLANG_WARN_OBJC_ROOT_CLASS = YES_ERROR;
				CLANG_WARN_RANGE_LOOP_ANALYSIS = YES;
				CLANG_WARN_STRICT_PROTOTYPES = YES;
				CLANG_WARN_SUSPICIOUS_MOVE = YES;
				CLANG_WARN_UNGUARDED_AVAILABILITY = YES_AGGRESSIVE;
				CLANG_WARN_UNREACHABLE_CODE = YES;
				CLANG_WARN__DUPLICATE_METHOD_MATCH = YES;
				CODE_SIGN_IDENTITY = "iPhone Developer";
				COPY_PHASE_STRIP = NO;
				DEBUG_INFORMATION_FORMAT = "dwarf-with-dsym";
				ENABLE_NS_ASSERTIONS = NO;
				ENABLE_STRICT_OBJC_MSGSEND = YES;
				GCC_C_LANGUAGE_STANDARD = gnu11;
				GCC_NO_COMMON_BLOCKS = YES;
				GCC_WARN_64_TO_32_BIT_CONVERSION = YES;
				GCC_WARN_ABOUT_RETURN_TYPE = YES_ERROR;
				GCC_WARN_UNDECLARED_SELECTOR = YES;
				GCC_WARN_UNINITIALIZED_AUTOS = YES_AGGRESSIVE;
				GCC_WARN_UNUSED_FUNCTION = YES;
				GCC_WARN_UNUSED_VARIABLE = YES;
				IPHONEOS_DEPLOYMENT_TARGET = 12.1;
				MTL_ENABLE_DEBUG_INFO = NO;
				MTL_FAST_MATH = YES;
				SDKROOT = iphoneos;
				VALIDATE_PRODUCT = YES;
			};
			name = Release;
		};
		DF83DDD32212A60500AED664 /* Debug */ = {
			isa = XCBuildConfiguration;
			baseConfigurationReference = 34BA86A7B38F191552AEA7E6 /* Pods-BHBooks.debug.xcconfig */;
			buildSettings = {
				ASSETCATALOG_COMPILER_APPICON_NAME = AppIcon;
				CODE_SIGN_STYLE = Automatic;
				DEVELOPMENT_TEAM = A6C6R885GZ;
				INFOPLIST_FILE = BHBooks/Support/Info.plist;
				IPHONEOS_DEPLOYMENT_TARGET = 10.0;
				LD_RUNPATH_SEARCH_PATHS = (
					"$(inherited)",
					"@executable_path/Frameworks",
				);
				PRODUCT_BUNDLE_IDENTIFIER = com.haowumc.BHBooks;
				PRODUCT_NAME = "$(TARGET_NAME)";
				TARGETED_DEVICE_FAMILY = 1;
			};
			name = Debug;
		};
		DF83DDD42212A60500AED664 /* Release */ = {
			isa = XCBuildConfiguration;
			baseConfigurationReference = 92F6EAADE8252EC42FF8251B /* Pods-BHBooks.release.xcconfig */;
			buildSettings = {
				ASSETCATALOG_COMPILER_APPICON_NAME = AppIcon;
				CODE_SIGN_STYLE = Automatic;
				DEVELOPMENT_TEAM = A6C6R885GZ;
				INFOPLIST_FILE = BHBooks/Support/Info.plist;
				IPHONEOS_DEPLOYMENT_TARGET = 10.0;
				LD_RUNPATH_SEARCH_PATHS = (
					"$(inherited)",
					"@executable_path/Frameworks",
				);
				PRODUCT_BUNDLE_IDENTIFIER = com.haowumc.BHBooks;
				PRODUCT_NAME = "$(TARGET_NAME)";
				TARGETED_DEVICE_FAMILY = 1;
			};
			name = Release;
		};
		DF83DDD62212A60500AED664 /* Debug */ = {
			isa = XCBuildConfiguration;
			buildSettings = {
				BUNDLE_LOADER = "$(TEST_HOST)";
				CODE_SIGN_STYLE = Automatic;
				DEVELOPMENT_TEAM = A6C6R885GZ;
				INFOPLIST_FILE = BHBooksTests/Info.plist;
				LD_RUNPATH_SEARCH_PATHS = (
					"$(inherited)",
					"@executable_path/Frameworks",
					"@loader_path/Frameworks",
				);
				PRODUCT_BUNDLE_IDENTIFIER = com.haowumc.BHBooksTests;
				PRODUCT_NAME = "$(TARGET_NAME)";
				TARGETED_DEVICE_FAMILY = "1,2";
				TEST_HOST = "$(BUILT_PRODUCTS_DIR)/BHBooks.app/BHBooks";
			};
			name = Debug;
		};
		DF83DDD72212A60500AED664 /* Release */ = {
			isa = XCBuildConfiguration;
			buildSettings = {
				BUNDLE_LOADER = "$(TEST_HOST)";
				CODE_SIGN_STYLE = Automatic;
				DEVELOPMENT_TEAM = A6C6R885GZ;
				INFOPLIST_FILE = BHBooksTests/Info.plist;
				LD_RUNPATH_SEARCH_PATHS = (
					"$(inherited)",
					"@executable_path/Frameworks",
					"@loader_path/Frameworks",
				);
				PRODUCT_BUNDLE_IDENTIFIER = com.haowumc.BHBooksTests;
				PRODUCT_NAME = "$(TARGET_NAME)";
				TARGETED_DEVICE_FAMILY = "1,2";
				TEST_HOST = "$(BUILT_PRODUCTS_DIR)/BHBooks.app/BHBooks";
			};
			name = Release;
		};
		DF83DDD92212A60500AED664 /* Debug */ = {
			isa = XCBuildConfiguration;
			buildSettings = {
				CODE_SIGN_STYLE = Automatic;
				DEVELOPMENT_TEAM = A6C6R885GZ;
				INFOPLIST_FILE = BHBooksUITests/Info.plist;
				LD_RUNPATH_SEARCH_PATHS = (
					"$(inherited)",
					"@executable_path/Frameworks",
					"@loader_path/Frameworks",
				);
				PRODUCT_BUNDLE_IDENTIFIER = com.haowumc.BHBooksUITests;
				PRODUCT_NAME = "$(TARGET_NAME)";
				TARGETED_DEVICE_FAMILY = "1,2";
				TEST_TARGET_NAME = BHBooks;
			};
			name = Debug;
		};
		DF83DDDA2212A60500AED664 /* Release */ = {
			isa = XCBuildConfiguration;
			buildSettings = {
				CODE_SIGN_STYLE = Automatic;
				DEVELOPMENT_TEAM = A6C6R885GZ;
				INFOPLIST_FILE = BHBooksUITests/Info.plist;
				LD_RUNPATH_SEARCH_PATHS = (
					"$(inherited)",
					"@executable_path/Frameworks",
					"@loader_path/Frameworks",
				);
				PRODUCT_BUNDLE_IDENTIFIER = com.haowumc.BHBooksUITests;
				PRODUCT_NAME = "$(TARGET_NAME)";
				TARGETED_DEVICE_FAMILY = "1,2";
				TEST_TARGET_NAME = BHBooks;
			};
			name = Release;
		};
/* End XCBuildConfiguration section */

/* Begin XCConfigurationList section */
		DF83DD9E2212A5F900AED664 /* Build configuration list for PBXProject "BHBooks" */ = {
			isa = XCConfigurationList;
			buildConfigurations = (
				DF83DDD02212A60500AED664 /* Debug */,
				DF83DDD12212A60500AED664 /* Release */,
			);
			defaultConfigurationIsVisible = 0;
			defaultConfigurationName = Release;
		};
		DF83DDD22212A60500AED664 /* Build configuration list for PBXNativeTarget "BHBooks" */ = {
			isa = XCConfigurationList;
			buildConfigurations = (
				DF83DDD32212A60500AED664 /* Debug */,
				DF83DDD42212A60500AED664 /* Release */,
			);
			defaultConfigurationIsVisible = 0;
			defaultConfigurationName = Release;
		};
		DF83DDD52212A60500AED664 /* Build configuration list for PBXNativeTarget "BHBooksTests" */ = {
			isa = XCConfigurationList;
			buildConfigurations = (
				DF83DDD62212A60500AED664 /* Debug */,
				DF83DDD72212A60500AED664 /* Release */,
			);
			defaultConfigurationIsVisible = 0;
			defaultConfigurationName = Release;
		};
		DF83DDD82212A60500AED664 /* Build configuration list for PBXNativeTarget "BHBooksUITests" */ = {
			isa = XCConfigurationList;
			buildConfigurations = (
				DF83DDD92212A60500AED664 /* Debug */,
				DF83DDDA2212A60500AED664 /* Release */,
			);
			defaultConfigurationIsVisible = 0;
			defaultConfigurationName = Release;
		};
/* End XCConfigurationList section */

/* Begin XCVersionGroup section */
		DF83DDAF2212A5F900AED664 /* BHBooks.xcdatamodeld */ = {
			isa = XCVersionGroup;
			children = (
				DF83DDB02212A5F900AED664 /* BHBooks.xcdatamodel */,
			);
			currentVersion = DF83DDB02212A5F900AED664 /* BHBooks.xcdatamodel */;
			path = BHBooks.xcdatamodeld;
			sourceTree = "<group>";
			versionGroupType = wrapper.xcdatamodel;
		};
/* End XCVersionGroup section */
	};
	rootObject = DF83DD9B2212A5F900AED664 /* Project object */;
}
